[[package]]
name = "check_useless_chaining"
version = "0.1.0"
dependencies = [
 "oak 0.5.6",
 "oak_runtime 0.5.5",
]

[[package]]
name = "oak"
version = "0.5.6"
dependencies = [
 "partial 0.2.3 (registry+https://github.com/rust-lang/crates.io-index)",
]

[[package]]
name = "oak_runtime"
version = "0.5.5"
dependencies = [
 "syntex_pos 0.58.1 (registry+https://github.com/rust-lang/crates.io-index)",
]

[[package]]
name = "partial"
version = "0.2.3"
source = "registry+https://github.com/rust-lang/crates.io-index"

[[package]]
name = "rustc-serialize"
version = "0.3.24"
source = "registry+https://github.com/rust-lang/crates.io-index"

[[package]]
name = "syntex_pos"
version = "0.58.1"
source = "registry+https://github.com/rust-lang/crates.io-index"
dependencies = [
 "rustc-serialize 0.3.24 (registry+https://github.com/rust-lang/crates.io-index)",
]

[metadata]
"checksum partial 0.2.3 (registry+https://github.com/rust-lang/crates.io-index)" = "ea72528bf9fdcc9dc07760884825ceb15c26f4e804c0a7af309901c7ee9601f9"
"checksum rustc-serialize 0.3.24 (registry+https://github.com/rust-lang/crates.io-index)" = "dcf128d1287d2ea9d80910b5f1120d0b8eede3fbf1abe91c40d39ea7d51e6fda"
"checksum syntex_pos 0.58.1 (registry+https://github.com/rust-lang/crates.io-index)" = "13ad4762fe52abc9f4008e85c4fb1b1fe3aa91ccb99ff4826a439c7c598e1047"
